
Microsoft Visual Studio Solution File, Format Version 12.00
# Visual Studio Version 17
VisualStudioVersion = 17.0.31903.59
MinimumVisualStudioVersion = 10.0.40219.1
Project("{2150E333-8FDC-42A3-9474-1A3956D46DE8}") = "src", "src", "{827E0CD3-B72D-47B6-A68D-7590B98EB39B}"
EndProject
Project("{FAE04EC0-301F-11D3-BF4B-00C04F79EFBC}") = "SecurityReview.Infrastructure", "src\SecurityReview.Infrastructure\SecurityReview.Infrastructure.csproj", "{71070896-E056-4AF6-907E-D1FB0E46C787}"
EndProject
Project("{FAE04EC0-301F-11D3-BF4B-00C04F79EFBC}") = "SecurityReview.Application", "src\SecurityReview.Application\SecurityReview.Application.csproj", "{20666AC7-DF87-41C6-A8BB-AEF10D956478}"
EndProject
Project("{FAE04EC0-301F-11D3-BF4B-00C04F79EFBC}") = "SecurityReview.Parsers", "src\SecurityReview.Parsers\SecurityReview.Parsers.csproj", "{29EEB47D-F81C-4090-BDDA-DDFAB4C96FCD}"
EndProject
Project("{FAE04EC0-301F-11D3-BF4B-00C04F79EFBC}") = "SecurityReview.RulePack", "src\SecurityReview.RulePack\SecurityReview.RulePack.csproj", "{6F9FAF82-16C0-460D-98CB-6EF2ED7DA9C4}"
EndProject
Project("{FAE04EC0-301F-11D3-BF4B-00C04F79EFBC}") = "SecurityReview.Desktop", "src\SecurityReview.Desktop\SecurityReview.Desktop.csproj", "{188D5E02-3A3A-49A0-B4F5-DD9BA3133F77}"
EndProject
Project("{FAE04EC0-301F-11D3-BF4B-00C04F79EFBC}") = "SecurityReview.Worker", "src\SecurityReview.Worker\SecurityReview.Worker.csproj", "{2F829C11-56B3-4A19-9BDA-966929A607C4}"
EndProject
Project("{FAE04EC0-301F-11D3-BF4B-00C04F79EFBC}") = "SecurityReview.Domain", "src\SecurityReview.Domain\SecurityReview.Domain.csproj", "{727EC991-A08E-4AE0-83D4-BC0E840CDD00}"
EndProject
Project("{FAE04EC0-301F-11D3-BF4B-00C04F79EFBC}") = "SecurityReview.ParserContracts", "src\SecurityReview.ParserContracts\SecurityReview.ParserContracts.csproj", "{CDC98278-B262-48F2-84B2-974856A7FBA7}"
EndProject
Project("{2150E333-8FDC-42A3-9474-1A3956D46DE8}") = "tools", "tools", "{07C2787E-EAC7-C090-1BA3-A61EC2A24D84}"
EndProject
Project("{FAE04EC0-301F-11D3-BF4B-00C04F79EFBC}") = "SecurityReview.CorpusTool", "tools\SecurityReview.CorpusTool\SecurityReview.CorpusTool.csproj", "{8EF76FBF-A31A-447C-9801-D25243C5AAE9}"
EndProject
Project("{FAE04EC0-301F-11D3-BF4B-00C04F79EFBC}") = "SecurityReview.RulePackBuilder", "tools\SecurityReview.RulePackBuilder\SecurityReview.RulePackBuilder.csproj", "{4E249ED3-C239-4739-B3D0-1301A393271C}"
EndProject
Project("{2150E333-8FDC-42A3-9474-1A3956D46DE8}") = "tests", "tests", "{0AB3BF05-4346-4AA6-1389-037BE0695223}"
EndProject
Project("{FAE04EC0-301F-11D3-BF4B-00C04F79EFBC}") = "SecurityReview.PerformanceTests", "tests\SecurityReview.PerformanceTests\SecurityReview.PerformanceTests.csproj", "{3FA29652-21D7-477C-88EE-24E0DA7D8948}"
EndProject
Project("{FAE04EC0-301F-11D3-BF4B-00C04F79EFBC}") = "SecurityReview.IntegrationTests", "tests\SecurityReview.IntegrationTests\SecurityReview.IntegrationTests.csproj", "{2888303D-B386-445B-9FC4-885ACA51CAA9}"
EndProject
Project("{FAE04EC0-301F-11D3-BF4B-00C04F79EFBC}") = "SecurityReview.ContractTests", "tests\SecurityReview.ContractTests\SecurityReview.ContractTests.csproj", "{7709F05A-4CB6-46AF-90F8-8F2AE7DB45F2}"
EndProject
Project("{FAE04EC0-301F-11D3-BF4B-00C04F79EFBC}") = "SecurityReview.UnitTests", "tests\SecurityReview.UnitTests\SecurityReview.UnitTests.csproj", "{93FD0FFC-A627-451D-B874-F3528983AE78}"
EndProject
Project("{FAE04EC0-301F-11D3-BF4B-00C04F79EFBC}") = "SecurityReview.ParserCorpusTests", "tests\SecurityReview.ParserCorpusTests\SecurityReview.ParserCorpusTests.csproj", "{6A70CB6D-46AB-417D-AA40-A601E5D1D5E1}"
EndProject
Project("{FAE04EC0-301F-11D3-BF4B-00C04F79EFBC}") = "SecurityReview.WindowsSecurityTests", "tests\SecurityReview.WindowsSecurityTests\SecurityReview.WindowsSecurityTests.csproj", "{8F17B940-CE0D-4C22-9A9A-FE84D9A5B96E}"
EndProject
Global
	GlobalSection(SolutionConfigurationPlatforms) = preSolution
		Debug|Any CPU = Debug|Any CPU
		Debug|x64 = Debug|x64
		Debug|x86 = Debug|x86
		Release|Any CPU = Release|Any CPU
		Release|x64 = Release|x64
		Release|x86 = Release|x86
	EndGlobalSection
	GlobalSection(ProjectConfigurationPlatforms) = postSolution
		{71070896-E056-4AF6-907E-D1FB0E46C787}.Debug|Any CPU.ActiveCfg = Debug|Any CPU
		{71070896-E056-4AF6-907E-D1FB0E46C787}.Debug|Any CPU.Build.0 = Debug|Any CPU
		{71070896-E056-4AF6-907E-D1FB0E46C787}.Debug|x64.ActiveCfg = Debug|Any CPU
		{71070896-E056-4AF6-907E-D1FB0E46C787}.Debug|x64.Build.0 = Debug|Any CPU
		{71070896-E056-4AF6-907E-D1FB0E46C787}.Debug|x86.ActiveCfg = Debug|Any CPU
		{71070896-E056-4AF6-907E-D1FB0E46C787}.Debug|x86.Build.0 = Debug|Any CPU
		{71070896-E056-4AF6-907E-D1FB0E46C787}.Release|Any CPU.ActiveCfg = Release|Any CPU
		{71070896-E056-4AF6-907E-D1FB0E46C787}.Release|Any CPU.Build.0 = Release|Any CPU
		{71070896-E056-4AF6-907E-D1FB0E46C787}.Release|x64.ActiveCfg = Release|Any CPU
		{71070896-E056-4AF6-907E-D1FB0E46C787}.Release|x64.Build.0 = Release|Any CPU
		{71070896-E056-4AF6-907E-D1FB0E46C787}.Release|x86.ActiveCfg = Release|Any CPU
		{71070896-E056-4AF6-907E-D1FB0E46C787}.Release|x86.Build.0 = Release|Any CPU
		{20666AC7-DF87-41C6-A8BB-AEF10D956478}.Debug|Any CPU.ActiveCfg = Debug|Any CPU
		{20666AC7-DF87-41C6-A8BB-AEF10D956478}.Debug|Any CPU.Build.0 = Debug|Any CPU
		{20666AC7-DF87-41C6-A8BB-AEF10D956478}.Debug|x64.ActiveCfg = Debug|Any CPU
		{20666AC7-DF87-41C6-A8BB-AEF10D956478}.Debug|x64.Build.0 = Debug|Any CPU
		{20666AC7-DF87-41C6-A8BB-AEF10D956478}.Debug|x86.ActiveCfg = Debug|Any CPU
		{20666AC7-DF87-41C6-A8BB-AEF10D956478}.Debug|x86.Build.0 = Debug|Any CPU
		{20666AC7-DF87-41C6-A8BB-AEF10D956478}.Release|Any CPU.ActiveCfg = Release|Any CPU
		{20666AC7-DF87-41C6-A8BB-AEF10D956478}.Release|Any CPU.Build.0 = Release|Any CPU
		{20666AC7-DF87-41C6-A8BB-AEF10D956478}.Release|x64.ActiveCfg = Release|Any CPU
		{20666AC7-DF87-41C6-A8BB-AEF10D956478}.Release|x64.Build.0 = Release|Any CPU
		{20666AC7-DF87-41C6-A8BB-AEF10D956478}.Release|x86.ActiveCfg = Release|Any CPU
		{20666AC7-DF87-41C6-A8BB-AEF10D956478}.Release|x86.Build.0 = Release|Any CPU
		{29EEB47D-F81C-4090-BDDA-DDFAB4C96FCD}.Debug|Any CPU.ActiveCfg = Debug|Any CPU
		{29EEB47D-F81C-4090-BDDA-DDFAB4C96FCD}.Debug|Any CPU.Build.0 = Debug|Any CPU
		{29EEB47D-F81C-4090-BDDA-DDFAB4C96FCD}.Debug|x64.ActiveCfg = Debug|Any CPU
		{29EEB47D-F81C-4090-BDDA-DDFAB4C96FCD}.Debug|x64.Build.0 = Debug|Any CPU
		{29EEB47D-F81C-4090-BDDA-DDFAB4C96FCD}.Debug|x86.ActiveCfg = Debug|Any CPU
		{29EEB47D-F81C-4090-BDDA-DDFAB4C96FCD}.Debug|x86.Build.0 = Debug|Any CPU
		{29EEB47D-F81C-4090-BDDA-DDFAB4C96FCD}.Release|Any CPU.ActiveCfg = Release|Any CPU
		{29EEB47D-F81C-4090-BDDA-DDFAB4C96FCD}.Release|Any CPU.Build.0 = Release|Any CPU
		{29EEB47D-F81C-4090-BDDA-DDFAB4C96FCD}.Release|x64.ActiveCfg = Release|Any CPU
		{29EEB47D-F81C-4090-BDDA-DDFAB4C96FCD}.Release|x64.Build.0 = Release|Any CPU
		{29EEB47D-F81C-4090-BDDA-DDFAB4C96FCD}.Release|x86.ActiveCfg = Release|Any CPU
		{29EEB47D-F81C-4090-BDDA-DDFAB4C96FCD}.Release|x86.Build.0 = Release|Any CPU
		{6F9FAF82-16C0-460D-98CB-6EF2ED7DA9C4}.Debug|Any CPU.ActiveCfg = Debug|Any CPU
		{6F9FAF82-16C0-460D-98CB-6EF2ED7DA9C4}.Debug|Any CPU.Build.0 = Debug|Any CPU
		{6F9FAF82-16C0-460D-98CB-6EF2ED7DA9C4}.Debug|x64.ActiveCfg = Debug|Any CPU
		{6F9FAF82-16C0-460D-98CB-6EF2ED7DA9C4}.Debug|x64.Build.0 = Debug|Any CPU
		{6F9FAF82-16C0-460D-98CB-6EF2ED7DA9C4}.Debug|x86.ActiveCfg = Debug|Any CPU
		{6F9FAF82-16C0-460D-98CB-6EF2ED7DA9C4}.Debug|x86.Build.0 = Debug|Any CPU
		{6F9FAF82-16C0-460D-98CB-6EF2ED7DA9C4}.Release|Any CPU.ActiveCfg = Release|Any CPU
		{6F9FAF82-16C0-460D-98CB-6EF2ED7DA9C4}.Release|Any CPU.Build.0 = Release|Any CPU
		{6F9FAF82-16C0-460D-98CB-6EF2ED7DA9C4}.Release|x64.ActiveCfg = Release|Any CPU
		{6F9FAF82-16C0-460D-98CB-6EF2ED7DA9C4}.Release|x64.Build.0 = Release|Any CPU
		{6F9FAF82-16C0-460D-98CB-6EF2ED7DA9C4}.Release|x86.ActiveCfg = Release|Any CPU
		{6F9FAF82-16C0-460D-98CB-6EF2ED7DA9C4}.Release|x86.Build.0 = Release|Any CPU
		{188D5E02-3A3A-49A0-B4F5-DD9BA3133F77}.Debug|Any CPU.ActiveCfg = Debug|Any CPU
		{188D5E02-3A3A-49A0-B4F5-DD9BA3133F77}.Debug|Any CPU.Build.0 = Debug|Any CPU
		{188D5E02-3A3A-49A0-B4F5-DD9BA3133F77}.Debug|x64.ActiveCfg = Debug|Any CPU
		{188D5E02-3A3A-49A0-B4F5-DD9BA3133F77}.Debug|x64.Build.0 = Debug|Any CPU
		{188D5E02-3A3A-49A0-B4F5-DD9BA3133F77}.Debug|x86.ActiveCfg = Debug|Any CPU
		{188D5E02-3A3A-49A0-B4F5-DD9BA3133F77}.Debug|x86.Build.0 = Debug|Any CPU
		{188D5E02-3A3A-49A0-B4F5-DD9BA3133F77}.Release|Any CPU.ActiveCfg = Release|Any CPU
		{188D5E02-3A3A-49A0-B4F5-DD9BA3133F77}.Release|Any CPU.Build.0 = Release|Any CPU
		{188D5E02-3A3A-49A0-B4F5-DD9BA3133F77}.Release|x64.ActiveCfg = Release|Any CPU
		{188D5E02-3A3A-49A0-B4F5-DD9BA3133F77}.Release|x64.Build.0 = Release|Any CPU
		{188D5E02-3A3A-49A0-B4F5-DD9BA3133F77}.Release|x86.ActiveCfg = Release|Any CPU
		{188D5E02-3A3A-49A0-B4F5-DD9BA3133F77}.Release|x86.Build.0 = Release|Any CPU
		{2F829C11-56B3-4A19-9BDA-966929A607C4}.Debug|Any CPU.ActiveCfg = Debug|Any CPU
		{2F829C11-56B3-4A19-9BDA-966929A607C4}.Debug|Any CPU.Build.0 = Debug|Any CPU
		{2F829C11-56B3-4A19-9BDA-966929A607C4}.Debug|x64.ActiveCfg = Debug|Any CPU
		{2F829C11-56B3-4A19-9BDA-966929A607C4}.Debug|x64.Build.0 = Debug|Any CPU
		{2F829C11-56B3-4A19-9BDA-966929A607C4}.Debug|x86.ActiveCfg = Debug|Any CPU
		{2F829C11-56B3-4A19-9BDA-966929A607C4}.Debug|x86.Build.0 = Debug|Any CPU
		{2F829C11-56B3-4A19-9BDA-966929A607C4}.Release|Any CPU.ActiveCfg = Release|Any CPU
		{2F829C11-56B3-4A19-9BDA-966929A607C4}.Release|Any CPU.Build.0 = Release|Any CPU
		{2F829C11-56B3-4A19-9BDA-966929A607C4}.Release|x64.ActiveCfg = Release|Any CPU
		{2F829C11-56B3-4A19-9BDA-966929A607C4}.Release|x64.Build.0 = Release|Any CPU
		{2F829C11-56B3-4A19-9BDA-966929A607C4}.Release|x86.ActiveCfg = Release|Any CPU
		{2F829C11-56B3-4A19-9BDA-966929A607C4}.Release|x86.Build.0 = Release|Any CPU
		{727EC991-A08E-4AE0-83D4-BC0E840CDD00}.Debug|Any CPU.ActiveCfg = Debug|Any CPU
		{727EC991-A08E-4AE0-83D4-BC0E840CDD00}.Debug|Any CPU.Build.0 = Debug|Any CPU
		{727EC991-A08E-4AE0-83D4-BC0E840CDD00}.Debug|x64.ActiveCfg = Debug|Any CPU
		{727EC991-A08E-4AE0-83D4-BC0E840CDD00}.Debug|x64.Build.0 = Debug|Any CPU
		{727EC991-A08E-4AE0-83D4-BC0E840CDD00}.Debug|x86.ActiveCfg = Debug|Any CPU
		{727EC991-A08E-4AE0-83D4-BC0E840CDD00}.Debug|x86.Build.0 = Debug|Any CPU
		{727EC991-A08E-4AE0-83D4-BC0E840CDD00}.Release|Any CPU.ActiveCfg = Release|Any CPU
		{727EC991-A08E-4AE0-83D4-BC0E840CDD00}.Release|Any CPU.Build.0 = Release|Any CPU
		{727EC991-A08E-4AE0-83D4-BC0E840CDD00}.Release|x64.ActiveCfg = Release|Any CPU
		{727EC991-A08E-4AE0-83D4-BC0E840CDD00}.Release|x64.Build.0 = Release|Any CPU
		{727EC991-A08E-4AE0-83D4-BC0E840CDD00}.Release|x86.ActiveCfg = Release|Any CPU
		{727EC991-A08E-4AE0-83D4-BC0E840CDD00}.Release|x86.Build.0 = Release|Any CPU
		{CDC98278-B262-48F2-84B2-974856A7FBA7}.Debug|Any CPU.ActiveCfg = Debug|Any CPU
		{CDC98278-B262-48F2-84B2-974856A7FBA7}.Debug|Any CPU.Build.0 = Debug|Any CPU
		{CDC98278-B262-48F2-84B2-974856A7FBA7}.Debug|x64.ActiveCfg = Debug|Any CPU
		{CDC98278-B262-48F2-84B2-974856A7FBA7}.Debug|x64.Build.0 = Debug|Any CPU
		{CDC98278-B262-48F2-84B2-974856A7FBA7}.Debug|x86.ActiveCfg = Debug|Any CPU
		{CDC98278-B262-48F2-84B2-974856A7FBA7}.Debug|x86.Build.0 = Debug|Any CPU
		{CDC98278-B262-48F2-84B2-974856A7FBA7}.Release|Any CPU.ActiveCfg = Release|Any CPU
		{CDC98278-B262-48F2-84B2-974856A7FBA7}.Release|Any CPU.Build.0 = Release|Any CPU
		{CDC98278-B262-48F2-84B2-974856A7FBA7}.Release|x64.ActiveCfg = Release|Any CPU
		{CDC98278-B262-48F2-84B2-974856A7FBA7}.Release|x64.Build.0 = Release|Any CPU
		{CDC98278-B262-48F2-84B2-974856A7FBA7}.Release|x86.ActiveCfg = Release|Any CPU
		{CDC98278-B262-48F2-84B2-974856A7FBA7}.Release|x86.Build.0 = Release|Any CPU
		{8EF76FBF-A31A-447C-9801-D25243C5AAE9}.Debug|Any CPU.ActiveCfg = Debug|Any CPU
		{8EF76FBF-A31A-447C-9801-D25243C5AAE9}.Debug|Any CPU.Build.0 = Debug|Any CPU
		{8EF76FBF-A31A-447C-9801-D25243C5AAE9}.Debug|x64.ActiveCfg = Debug|Any CPU
		{8EF76FBF-A31A-447C-9801-D25243C5AAE9}.Debug|x64.Build.0 = Debug|Any CPU
		{8EF76FBF-A31A-447C-9801-D25243C5AAE9}.Debug|x86.ActiveCfg = Debug|Any CPU
		{8EF76FBF-A31A-447C-9801-D25243C5AAE9}.Debug|x86.Build.0 = Debug|Any CPU
		{8EF76FBF-A31A-447C-9801-D25243C5AAE9}.Release|Any CPU.ActiveCfg = Release|Any CPU
		{8EF76FBF-A31A-447C-9801-D25243C5AAE9}.Release|Any CPU.Build.0 = Release|Any CPU
		{8EF76FBF-A31A-447C-9801-D25243C5AAE9}.Release|x64.ActiveCfg = Release|Any CPU
		{8EF76FBF-A31A-447C-9801-D25243C5AAE9}.Release|x64.Build.0 = Release|Any CPU
		{8EF76FBF-A31A-447C-9801-D25243C5AAE9}.Release|x86.ActiveCfg = Release|Any CPU
		{8EF76FBF-A31A-447C-9801-D25243C5AAE9}.Release|x86.Build.0 = Release|Any CPU
		{4E249ED3-C239-4739-B3D0-1301A393271C}.Debug|Any CPU.ActiveCfg = Debug|Any CPU
		{4E249ED3-C239-4739-B3D0-1301A393271C}.Debug|Any CPU.Build.0 = Debug|Any CPU
		{4E249ED3-C239-4739-B3D0-1301A393271C}.Debug|x64.ActiveCfg = Debug|Any CPU
		{4E249ED3-C239-4739-B3D0-1301A393271C}.Debug|x64.Build.0 = Debug|Any CPU
		{4E249ED3-C239-4739-B3D0-1301A393271C}.Debug|x86.ActiveCfg = Debug|Any CPU
		{4E249ED3-C239-4739-B3D0-1301A393271C}.Debug|x86.Build.0 = Debug|Any CPU
		{4E249ED3-C239-4739-B3D0-1301A393271C}.Release|Any CPU.ActiveCfg = Release|Any CPU
		{4E249ED3-C239-4739-B3D0-1301A393271C}.Release|Any CPU.Build.0 = Release|Any CPU
		{4E249ED3-C239-4739-B3D0-1301A393271C}.Release|x64.ActiveCfg = Release|Any CPU
		{4E249ED3-C239-4739-B3D0-1301A393271C}.Release|x64.Build.0 = Release|Any CPU
		{4E249ED3-C239-4739-B3D0-1301A393271C}.Release|x86.ActiveCfg = Release|Any CPU
		{4E249ED3-C239-4739-B3D0-1301A393271C}.Release|x86.Build.0 = Release|Any CPU
		{3FA29652-21D7-477C-88EE-24E0DA7D8948}.Debug|Any CPU.ActiveCfg = Debug|Any CPU
		{3FA29652-21D7-477C-88EE-24E0DA7D8948}.Debug|Any CPU.Build.0 = Debug|Any CPU
		{3FA29652-21D7-477C-88EE-24E0DA7D8948}.Debug|x64.ActiveCfg = Debug|Any CPU
		{3FA29652-21D7-477C-88EE-24E0DA7D8948}.Debug|x64.Build.0 = Debug|Any CPU
		{3FA29652-21D7-477C-88EE-24E0DA7D8948}.Debug|x86.ActiveCfg = Debug|Any CPU
		{3FA29652-21D7-477C-88EE-24E0DA7D8948}.Debug|x86.Build.0 = Debug|Any CPU
		{3FA29652-21D7-477C-88EE-24E0DA7D8948}.Release|Any CPU.ActiveCfg = Release|Any CPU
		{3FA29652-21D7-477C-88EE-24E0DA7D8948}.Release|Any CPU.Build.0 = Release|Any CPU
		{3FA29652-21D7-477C-88EE-24E0DA7D8948}.Release|x64.ActiveCfg = Release|Any CPU
		{3FA29652-21D7-477C-88EE-24E0DA7D8948}.Release|x64.Build.0 = Release|Any CPU
		{3FA29652-21D7-477C-88EE-24E0DA7D8948}.Release|x86.ActiveCfg = Release|Any CPU
		{3FA29652-21D7-477C-88EE-24E0DA7D8948}.Release|x86.Build.0 = Release|Any CPU
		{2888303D-B386-445B-9FC4-885ACA51CAA9}.Debug|Any CPU.ActiveCfg = Debug|Any CPU
		{2888303D-B386-445B-9FC4-885ACA51CAA9}.Debug|Any CPU.Build.0 = Debug|Any CPU
		{2888303D-B386-445B-9FC4-885ACA51CAA9}.Debug|x64.ActiveCfg = Debug|Any CPU
		{2888303D-B386-445B-9FC4-885ACA51CAA9}.Debug|x64.Build.0 = Debug|Any CPU
		{2888303D-B386-445B-9FC4-885ACA51CAA9}.Debug|x86.ActiveCfg = Debug|Any CPU
		{2888303D-B386-445B-9FC4-885ACA51CAA9}.Debug|x86.Build.0 = Debug|Any CPU
		{2888303D-B386-445B-9FC4-885ACA51CAA9}.Release|Any CPU.ActiveCfg = Release|Any CPU
		{2888303D-B386-445B-9FC4-885ACA51CAA9}.Release|Any CPU.Build.0 = Release|Any CPU
		{2888303D-B386-445B-9FC4-885ACA51CAA9}.Release|x64.ActiveCfg = Release|Any CPU
		{2888303D-B386-445B-9FC4-885ACA51CAA9}.Release|x64.Build.0 = Release|Any CPU
		{2888303D-B386-445B-9FC4-885ACA51CAA9}.Release|x86.ActiveCfg = Release|Any CPU
		{2888303D-B386-445B-9FC4-885ACA51CAA9}.Release|x86.Build.0 = Release|Any CPU
		{7709F05A-4CB6-46AF-90F8-8F2AE7DB45F2}.Debug|Any CPU.ActiveCfg = Debug|Any CPU
		{7709F05A-4CB6-46AF-90F8-8F2AE7DB45F2}.Debug|Any CPU.Build.0 = Debug|Any CPU
		{7709F05A-4CB6-46AF-90F8-8F2AE7DB45F2}.Debug|x64.ActiveCfg = Debug|Any CPU
		{7709F05A-4CB6-46AF-90F8-8F2AE7DB45F2}.Debug|x64.Build.0 = Debug|Any CPU
		{7709F05A-4CB6-46AF-90F8-8F2AE7DB45F2}.Debug|x86.ActiveCfg = Debug|Any CPU
		{7709F05A-4CB6-46AF-90F8-8F2AE7DB45F2}.Debug|x86.Build.0 = Debug|Any CPU
		{7709F05A-4CB6-46AF-90F8-8F2AE7DB45F2}.Release|Any CPU.ActiveCfg = Release|Any CPU
		{7709F05A-4CB6-46AF-90F8-8F2AE7DB45F2}.Release|Any CPU.Build.0 = Release|Any CPU
		{7709F05A-4CB6-46AF-90F8-8F2AE7DB45F2}.Release|x64.ActiveCfg = Release|Any CPU
		{7709F05A-4CB6-46AF-90F8-8F2AE7DB45F2}.Release|x64.Build.0 = Release|Any CPU
		{7709F05A-4CB6-46AF-90F8-8F2AE7DB45F2}.Release|x86.ActiveCfg = Release|Any CPU
		{7709F05A-4CB6-46AF-90F8-8F2AE7DB45F2}.Release|x86.Build.0 = Release|Any CPU
		{93FD0FFC-A627-451D-B874-F3528983AE78}.Debug|Any CPU.ActiveCfg = Debug|Any CPU
		{93FD0FFC-A627-451D-B874-F3528983AE78}.Debug|Any CPU.Build.0 = Debug|Any CPU
		{93FD0FFC-A627-451D-B874-F3528983AE78}.Debug|x64.ActiveCfg = Debug|Any CPU
		{93FD0FFC-A627-451D-B874-F3528983AE78}.Debug|x64.Build.0 = Debug|Any CPU
		{93FD0FFC-A627-451D-B874-F3528983AE78}.Debug|x86.ActiveCfg = Debug|Any CPU
		{93FD0FFC-A627-451D-B874-F3528983AE78}.Debug|x86.Build.0 = Debug|Any CPU
		{93FD0FFC-A627-451D-B874-F3528983AE78}.Release|Any CPU.ActiveCfg = Release|Any CPU
		{93FD0FFC-A627-451D-B874-F3528983AE78}.Release|Any CPU.Build.0 = Release|Any CPU
		{93FD0FFC-A627-451D-B874-F3528983AE78}.Release|x64.ActiveCfg = Release|Any CPU
		{93FD0FFC-A627-451D-B874-F3528983AE78}.Release|x64.Build.0 = Release|Any CPU
		{93FD0FFC-A627-451D-B874-F3528983AE78}.Release|x86.ActiveCfg = Release|Any CPU
		{93FD0FFC-A627-451D-B874-F3528983AE78}.Release|x86.Build.0 = Release|Any CPU
		{6A70CB6D-46AB-417D-AA40-A601E5D1D5E1}.Debug|Any CPU.ActiveCfg = Debug|Any CPU
		{6A70CB6D-46AB-417D-AA40-A601E5D1D5E1}.Debug|Any CPU.Build.0 = Debug|Any CPU
		{6A70CB6D-46AB-417D-AA40-A601E5D1D5E1}.Debug|x64.ActiveCfg = Debug|Any CPU
		{6A70CB6D-46AB-417D-AA40-A601E5D1D5E1}.Debug|x64.Build.0 = Debug|Any CPU
		{6A70CB6D-46AB-417D-AA40-A601E5D1D5E1}.Debug|x86.ActiveCfg = Debug|Any CPU
		{6A70CB6D-46AB-417D-AA40-A601E5D1D5E1}.Debug|x86.Build.0 = Debug|Any CPU
		{6A70CB6D-46AB-417D-AA40-A601E5D1D5E1}.Release|Any CPU.ActiveCfg = Release|Any CPU
		{6A70CB6D-46AB-417D-AA40-A601E5D1D5E1}.Release|Any CPU.Build.0 = Release|Any CPU
		{6A70CB6D-46AB-417D-AA40-A601E5D1D5E1}.Release|x64.ActiveCfg = Release|Any CPU
		{6A70CB6D-46AB-417D-AA40-A601E5D1D5E1}.Release|x64.Build.0 = Release|Any CPU
		{6A70CB6D-46AB-417D-AA40-A601E5D1D5E1}.Release|x86.ActiveCfg = Release|Any CPU
		{6A70CB6D-46AB-417D-AA40-A601E5D1D5E1}.Release|x86.Build.0 = Release|Any CPU
		{8F17B940-CE0D-4C22-9A9A-FE84D9A5B96E}.Debug|Any CPU.ActiveCfg = Debug|Any CPU
		{8F17B940-CE0D-4C22-9A9A-FE84D9A5B96E}.Debug|Any CPU.Build.0 = Debug|Any CPU
		{8F17B940-CE0D-4C22-9A9A-FE84D9A5B96E}.Debug|x64.ActiveCfg = Debug|Any CPU
		{8F17B940-CE0D-4C22-9A9A-FE84D9A5B96E}.Debug|x64.Build.0 = Debug|Any CPU
		{8F17B940-CE0D-4C22-9A9A-FE84D9A5B96E}.Debug|x86.ActiveCfg = Debug|Any CPU
		{8F17B940-CE0D-4C22-9A9A-FE84D9A5B96E}.Debug|x86.Build.0 = Debug|Any CPU
		{8F17B940-CE0D-4C22-9A9A-FE84D9A5B96E}.Release|Any CPU.ActiveCfg = Release|Any CPU
		{8F17B940-CE0D-4C22-9A9A-FE84D9A5B96E}.Release|Any CPU.Build.0 = Release|Any CPU
		{8F17B940-CE0D-4C22-9A9A-FE84D9A5B96E}.Release|x64.ActiveCfg = Release|Any CPU
		{8F17B940-CE0D-4C22-9A9A-FE84D9A5B96E}.Release|x64.Build.0 = Release|Any CPU
		{8F17B940-CE0D-4C22-9A9A-FE84D9A5B96E}.Release|x86.ActiveCfg = Release|Any CPU
		{8F17B940-CE0D-4C22-9A9A-FE84D9A5B96E}.Release|x86.Build.0 = Release|Any CPU
	EndGlobalSection
	GlobalSection(SolutionProperties) = preSolution
		HideSolutionNode = FALSE
	EndGlobalSection
	GlobalSection(NestedProjects) = preSolution
		{71070896-E056-4AF6-907E-D1FB0E46C787} = {827E0CD3-B72D-47B6-A68D-7590B98EB39B}
		{20666AC7-DF87-41C6-A8BB-AEF10D956478} = {827E0CD3-B72D-47B6-A68D-7590B98EB39B}
		{29EEB47D-F81C-4090-BDDA-DDFAB4C96FCD} = {827E0CD3-B72D-47B6-A68D-7590B98EB39B}
		{6F9FAF82-16C0-460D-98CB-6EF2ED7DA9C4} = {827E0CD3-B72D-47B6-A68D-7590B98EB39B}
		{188D5E02-3A3A-49A0-B4F5-DD9BA3133F77} = {827E0CD3-B72D-47B6-A68D-7590B98EB39B}
		{2F829C11-56B3-4A19-9BDA-966929A607C4} = {827E0CD3-B72D-47B6-A68D-7590B98EB39B}
		{727EC991-A08E-4AE0-83D4-BC0E840CDD00} = {827E0CD3-B72D-47B6-A68D-7590B98EB39B}
		{CDC98278-B262-48F2-84B2-974856A7FBA7} = {827E0CD3-B72D-47B6-A68D-7590B98EB39B}
		{8EF76FBF-A31A-447C-9801-D25243C5AAE9} = {07C2787E-EAC7-C090-1BA3-A61EC2A24D84}
		{4E249ED3-C239-4739-B3D0-1301A393271C} = {07C2787E-EAC7-C090-1BA3-A61EC2A24D84}
		{3FA29652-21D7-477C-88EE-24E0DA7D8948} = {0AB3BF05-4346-4AA6-1389-037BE0695223}
		{2888303D-B386-445B-9FC4-885ACA51CAA9} = {0AB3BF05-4346-4AA6-1389-037BE0695223}
		{7709F05A-4CB6-46AF-90F8-8F2AE7DB45F2} = {0AB3BF05-4346-4AA6-1389-037BE0695223}
		{93FD0FFC-A627-451D-B874-F3528983AE78} = {0AB3BF05-4346-4AA6-1389-037BE0695223}
		{6A70CB6D-46AB-417D-AA40-A601E5D1D5E1} = {0AB3BF05-4346-4AA6-1389-037BE0695223}
		{8F17B940-CE0D-4C22-9A9A-FE84D9A5B96E} = {0AB3BF05-4346-4AA6-1389-037BE0695223}
	EndGlobalSection
EndGlobal
