{
  "version": 2,
  "dependencies": {
    "net10.0": {
      "DocumentFormat.OpenXml": {
        "type": "Direct",
        "requested": "[3.5.1, )",
        "resolved": "3.5.1",
        "contentHash": "zxdOf5VVCe/uNklbRhj8dVBzQGj3DoqkUuqOp9cAZVuN8mNYDjof1lvSQA2OQNr8Ptc9d7pbA7Azq/ReaI3FpA==",
        "dependencies": {
          "DocumentFormat.OpenXml.Framework": "3.5.1"
        }
      },
      "DocumentFormat.OpenXml.Framework": {
        "type": "Transitive",
        "resolved": "3.5.1",
        "contentHash": "U5txtc3ORno73xQx9Lf2gWzfaSZnZwKHfLkTAslhlew9lxe5XbUiCt0dY1fHeAf8yRqszUAe5i/+xLC9R/Xfsw==",
        "dependencies": {
          "System.IO.Packaging": "10.0.2"
        }
      },
      "System.IO.Packaging": {
        "type": "Transitive",
        "resolved": "10.0.2",
        "contentHash": "JTpM4z0wpoIHHDvlCU27HsXo+zVnpWib94HXQpzzr+jc/P9NYf4w353AK4MXyGq/grm1mbLi7eXsOsDU8sGmNg=="
      },
      "securityreview.domain": {
        "type": "Project"
      },
      "securityreview.parsercontracts": {
        "type": "Project",
        "dependencies": {
          "SecurityReview.Domain": "[1.0.0, )"
        }
      },
      "securityreview.rulepack": {
        "type": "Project",
        "dependencies": {
          "SecurityReview.Domain": "[1.0.0, )",
          "SecurityReview.ParserContracts": "[1.0.0, )"
        }
      }
    }
  }
}